// !$*UTF8*$!
{
	archiveVersion = 1;
	classes = {
	};
	objectVersion = 48;
	objects = {

/* Begin PBXBuildFile section */
		CD94B8D32057268A00F8C084 /* AppDelegate.swift in Sources */ = {isa = PBXBuildFile; fileRef = CD94B8D22057268A00F8C084 /* AppDelegate.swift */; };
		CD94B8D82057268A00F8C084 /* Main.storyboard in Resources */ = {isa = PBXBuildFile; fileRef = CD94B8D62057268A00F8C084 /* Main.storyboard */; };
		CD94B8DA2057268A00F8C084 /* Assets.xcassets in Resources */ = {isa = PBXBuildFile; fileRef = CD94B8D92057268A00F8C084 /* Assets.xcassets */; };
		CD94B8DD2057268A00F8C084 /* LaunchScreen.storyboard in Resources */ = {isa = PBXBuildFile; fileRef = CD94B8DB2057268A00F8C084 /* LaunchScreen.storyboard */; };
		CD94B8E82057268A00F8C084 /* CanvasTests.swift in Sources */ = {isa = PBXBuildFile; fileRef = CD94B8E72057268A00F8C084 /* CanvasTests.swift */; };
		CD94B8F32057268A00F8C084 /* CanvasUITests.swift in Sources */ = {isa = PBXBuildFile; fileRef = CD94B8F22057268A00F8C084 /* CanvasUITests.swift */; };
		CD94B9032057284000F8C084 /* CanvasViewController.swift in Sources */ = {isa = PBXBuildFile; fileRef = CD94B9022057284000F8C084 /* CanvasViewController.swift */; };
/* End PBXBuildFile section */

/* Begin PBXContainerItemProxy section */
		CD94B8E42057268A00F8C084 /* PBXContainerItemProxy */ = {
			isa = PBXContainerItemProxy;
			containerPortal = CD94B8C72057268A00F8C084 /* Project object */;
			proxyType = 1;
			remoteGlobalIDString = CD94B8CE2057268A00F8C084;
			remoteInfo = Canvas;
		};
		CD94B8EF2057268A00F8C084 /* PBXContainerItemProxy */ = {
			isa = PBXContainerItemProxy;
			containerPortal = CD94B8C72057268A00F8C084 /* Project object */;
			proxyType = 1;
			remoteGlobalIDString = CD94B8CE2057268A00F8C084;
			remoteInfo = Canvas;
		};
/* End PBXContainerItemProxy section */

/* Begin PBXFileReference section */
		CD94B8CF2057268A00F8C084 /* Canvas.app */ = {isa = PBXFileReference; explicitFileType = wrapper.application; includeInIndex = 0; path = Canvas.app; sourceTree = BUILT_PRODUCTS_DIR; };
		CD94B8D22057268A00F8C084 /* AppDelegate.swift */ = {isa = PBXFileReference; lastKnownFileType = sourcecode.swift; path = AppDelegate.swift; sourceTree = "<group>"; };
		CD94B8D72057268A00F8C084 /* Base */ = {isa = PBXFileReference; lastKnownFileType = file.storyboard; name = Base; path = Base.lproj/Main.storyboard; sourceTree = "<group>"; };
		CD94B8D92057268A00F8C084 /* Assets.xcassets */ = {isa = PBXFileReference; lastKnownFileType = folder.assetcatalog; path = Assets.xcassets; sourceTree = "<group>"; };
		CD94B8DC2057268A00F8C084 /* Base */ = {isa = PBXFileReference; lastKnownFileType = file.storyboard; name = Base; path = Base.lproj/LaunchScreen.storyboard; sourceTree = "<group>"; };
		CD94B8DE2057268A00F8C084 /* Info.plist */ = {isa = PBXFileReference; lastKnownFileType = text.plist.xml; path = Info.plist; sourceTree = "<group>"; };
		CD94B8E32057268A00F8C084 /* CanvasTests.xctest */ = {isa = PBXFileReference; explicitFileType = wrapper.cfbundle; includeInIndex = 0; path = CanvasTests.xctest; sourceTree = BUILT_PRODUCTS_DIR; };
		CD94B8E72057268A00F8C084 /* CanvasTests.swift */ = {isa = PBXFileReference; lastKnownFileType = sourcecode.swift; path = CanvasTests.swift; sourceTree = "<group>"; };
		CD94B8E92057268A00F8C084 /* Info.plist */ = {isa = PBXFileReference; lastKnownFileType = text.plist.xml; path = Info.plist; sourceTree = "<group>"; };
		CD94B8EE2057268A00F8C084 /* CanvasUITests.xctest */ = {isa = PBXFileReference; explicitFileType = wrapper.cfbundle; includeInIndex = 0; path = CanvasUITests.xctest; sourceTree = BUILT_PRODUCTS_DIR; };
		CD94B8F22057268A00F8C084 /* CanvasUITests.swift */ = {isa = PBXFileReference; lastKnownFileType = sourcecode.swift; path = CanvasUITests.swift; sourceTree = "<group>"; };
		CD94B8F42057268A00F8C084 /* Info.plist */ = {isa = PBXFileReference; lastKnownFileType = text.plist.xml; path = Info.plist; sourceTree = "<group>"; };
		CD94B9022057284000F8C084 /* CanvasViewController.swift */ = {isa = PBXFileReference; lastKnownFileType = sourcecode.swift; path = CanvasViewController.swift; sourceTree = "<group>"; };
/* End PBXFileReference section */

/* Begin PBXFrameworksBuildPhase section */
		CD94B8CC2057268A00F8C084 /* Frameworks */ = {
			isa = PBXFrameworksBuildPhase;
			buildActionMask = 2147483647;
			files = (
			);
			runOnlyForDeploymentPostprocessing = 0;
		};
		CD94B8E02057268A00F8C084 /* Frameworks */ = {
			isa = PBXFrameworksBuildPhase;
			buildActionMask = 2147483647;
			files = (
			);
			runOnlyForDeploymentPostprocessing = 0;
		};
		CD94B8EB2057268A00F8C084 /* Frameworks */ = {
			isa = PBXFrameworksBuildPhase;
			buildActionMask = 2147483647;
			files = (
			);
			runOnlyForDeploymentPostprocessing = 0;
		};
/* End PBXFrameworksBuildPhase section */

/* Begin PBXGroup section */
		CD94B8C62057268A00F8C084 = {
			isa = PBXGroup;
			children = (
				CD94B8D12057268A00F8C084 /* Canvas */,
				CD94B8E62057268A00F8C084 /* CanvasTests */,
				CD94B8F12057268A00F8C084 /* CanvasUITests */,
				CD94B8D02057268A00F8C084 /* Products */,
			);
			sourceTree = "<group>";
		};
		CD94B8D02057268A00F8C084 /* Products */ = {
			isa = PBXGroup;
			children = (
				CD94B8CF2057268A00F8C084 /* Canvas.app */,
				CD94B8E32057268A00F8C084 /* CanvasTests.xctest */,
				CD94B8EE2057268A00F8C084 /* CanvasUITests.xctest */,
			);
			name = Products;
			sourceTree = "<group>";
		};
		CD94B8D12057268A00F8C084 /* Canvas */ = {
			isa = PBXGroup;
			children = (
				CD94B9012057281200F8C084 /* View Contollers */,
				CD94B8D22057268A00F8C084 /* AppDelegate.swift */,
				CD94B8D62057268A00F8C084 /* Main.storyboard */,
				CD94B8D92057268A00F8C084 /* Assets.xcassets */,
				CD94B8DB2057268A00F8C084 /* LaunchScreen.storyboard */,
				CD94B8DE2057268A00F8C084 /* Info.plist */,
			);
			path = Canvas;
			sourceTree = "<group>";
		};
		CD94B8E62057268A00F8C084 /* CanvasTests */ = {
			isa = PBXGroup;
			children = (
				CD94B8E72057268A00F8C084 /* CanvasTests.swift */,
				CD94B8E92057268A00F8C084 /* Info.plist */,
			);
			path = CanvasTests;
			sourceTree = "<group>";
		};
		CD94B8F12057268A00F8C084 /* CanvasUITests */ = {
			isa = PBXGroup;
			children = (
				CD94B8F22057268A00F8C084 /* CanvasUITests.swift */,
				CD94B8F42057268A00F8C084 /* Info.plist */,
			);
			path = CanvasUITests;
			sourceTree = "<group>";
		};
		CD94B9012057281200F8C084 /* View Contollers */ = {
			isa = PBXGroup;
			children = (
				CD94B9022057284000F8C084 /* CanvasViewController.swift */,
			);
			path = "View Contollers";
			sourceTree = "<group>";
		};
/* End PBXGroup section */

/* Begin PBXNativeTarget section */
		CD94B8CE2057268A00F8C084 /* Canvas */ = {
			isa = PBXNativeTarget;
			buildConfigurationList = CD94B8F72057268A00F8C084 /* Build configuration list for PBXNativeTarget "Canvas" */;
			buildPhases = (
				CD94B8CB2057268A00F8C084 /* Sources */,
				CD94B8CC2057268A00F8C084 /* Frameworks */,
				CD94B8CD2057268A00F8C084 /* Resources */,
			);
			buildRules = (
			);
			dependencies = (
			);
			name = Canvas;
			productName = Canvas;
			productReference = CD94B8CF2057268A00F8C084 /* Canvas.app */;
			productType = "com.apple.product-type.application";
		};
		CD94B8E22057268A00F8C084 /* CanvasTests */ = {
			isa = PBXNativeTarget;
			buildConfigurationList = CD94B8FA2057268A00F8C084 /* Build configuration list for PBXNativeTarget "CanvasTests" */;
			buildPhases = (
				CD94B8DF2057268A00F8C084 /* Sources */,
				CD94B8E02057268A00F8C084 /* Frameworks */,
				CD94B8E12057268A00F8C084 /* Resources */,
			);
			buildRules = (
			);
			dependencies = (
				CD94B8E52057268A00F8C084 /* PBXTargetDependency */,
			);
			name = CanvasTests;
			productName = CanvasTests;
			productReference = CD94B8E32057268A00F8C084 /* CanvasTests.xctest */;
			productType = "com.apple.product-type.bundle.unit-test";
		};
		CD94B8ED2057268A00F8C084 /* CanvasUITests */ = {
			isa = PBXNativeTarget;
			buildConfigurationList = CD94B8FD2057268A00F8C084 /* Build configuration list for PBXNativeTarget "CanvasUITests" */;
			buildPhases = (
				CD94B8EA2057268A00F8C084 /* Sources */,
				CD94B8EB2057268A00F8C084 /* Frameworks */,
				CD94B8EC2057268A00F8C084 /* Resources */,
			);
			buildRules = (
			);
			dependencies = (
				CD94B8F02057268A00F8C084 /* PBXTargetDependency */,
			);
			name = CanvasUITests;
			productName = CanvasUITests;
			productReference = CD94B8EE2057268A00F8C084 /* CanvasUITests.xctest */;
			productType = "com.apple.product-type.bundle.ui-testing";
		};
/* End PBXNativeTarget section */

/* Begin PBXProject section */
		CD94B8C72057268A00F8C084 /* Project object */ = {
			isa = PBXProject;
			attributes = {
				LastSwiftUpdateCheck = 0920;
				LastUpgradeCheck = 0920;
				ORGANIZATIONNAME = "Regie Daquioag";
				TargetAttributes = {
					CD94B8CE2057268A00F8C084 = {
						CreatedOnToolsVersion = 9.2;
						ProvisioningStyle = Automatic;
					};
					CD94B8E22057268A00F8C084 = {
						CreatedOnToolsVersion = 9.2;
						ProvisioningStyle = Automatic;
						TestTargetID = CD94B8CE2057268A00F8C084;
					};
					CD94B8ED2057268A00F8C084 = {
						CreatedOnToolsVersion = 9.2;
						ProvisioningStyle = Automatic;
						TestTargetID = CD94B8CE2057268A00F8C084;
					};
				};
			};
			buildConfigurationList = CD94B8CA2057268A00F8C084 /* Build configuration list for PBXProject "Canvas" */;
			compatibilityVersion = "Xcode 8.0";
			developmentRegion = en;
			hasScannedForEncodings = 0;
			knownRegions = (
				en,
				Base,
			);
			mainGroup = CD94B8C62057268A00F8C084;
			productRefGroup = CD94B8D02057268A00F8C084 /* Products */;
			projectDirPath = "";
			projectRoot = "";
			targets = (
				CD94B8CE2057268A00F8C084 /* Canvas */,
				CD94B8E22057268A00F8C084 /* CanvasTests */,
				CD94B8ED2057268A00F8C084 /* CanvasUITests */,
			);
		};
/* End PBXProject section */

/* Begin PBXResourcesBuildPhase section */
		CD94B8CD2057268A00F8C084 /* Resources */ = {
			isa = PBXResourcesBuildPhase;
			buildActionMask = 2147483647;
			files = (
				CD94B8DD2057268A00F8C084 /* LaunchScreen.storyboard in Resources */,
				CD94B8DA2057268A00F8C084 /* Assets.xcassets in Resources */,
				CD94B8D82057268A00F8C084 /* Main.storyboard in Resources */,
			);
			runOnlyForDeploymentPostprocessing = 0;
		};
		CD94B8E12057268A00F8C084 /* Resources */ = {
			isa = PBXResourcesBuildPhase;
			buildActionMask = 2147483647;
			files = (
			);
			runOnlyForDeploymentPostprocessing = 0;
		};
		CD94B8EC2057268A00F8C084 /* Resources */ = {
			isa = PBXResourcesBuildPhase;
			buildActionMask = 2147483647;
			files = (
			);
			runOnlyForDeploymentPostprocessing = 0;
		};
/* End PBXResourcesBuildPhase section */

/* Begin PBXSourcesBuildPhase section */
		CD94B8CB2057268A00F8C084 /* Sources */ = {
			isa = PBXSourcesBuildPhase;
			buildActionMask = 2147483647;
			files = (
				CD94B9032057284000F8C084 /* CanvasViewController.swift in Sources */,
				CD94B8D32057268A00F8C084 /* AppDelegate.swift in Sources */,
			);
			runOnlyForDeploymentPostprocessing = 0;
		};
		CD94B8DF2057268A00F8C084 /* Sources */ = {
			isa = PBXSourcesBuildPhase;
			buildActionMask = 2147483647;
			files = (
				CD94B8E82057268A00F8C084 /* CanvasTests.swift in Sources */,
			);
			runOnlyForDeploymentPostprocessing = 0;
		};
		CD94B8EA2057268A00F8C084 /* Sources */ = {
			isa = PBXSourcesBuildPhase;
			buildActionMask = 2147483647;
			files = (
				CD94B8F32057268A00F8C084 /* CanvasUITests.swift in Sources */,
			);
			runOnlyForDeploymentPostprocessing = 0;
		};
/* End PBXSourcesBuildPhase section */

/* Begin PBXTargetDependency section */
		CD94B8E52057268A00F8C084 /* PBXTargetDependency */ = {
			isa = PBXTargetDependency;
			target = CD94B8CE2057268A00F8C084 /* Canvas */;
			targetProxy = CD94B8E42057268A00F8C084 /* PBXContainerItemProxy */;
		};
		CD94B8F02057268A00F8C084 /* PBXTargetDependency */ = {
			isa = PBXTargetDependency;
			target = CD94B8CE2057268A00F8C084 /* Canvas */;
			targetProxy = CD94B8EF2057268A00F8C084 /* PBXContainerItemProxy */;
		};
/* End PBXTargetDependency section */

/* Begin PBXVariantGroup section */
		CD94B8D62057268A00F8C084 /* Main.storyboard */ = {
			isa = PBXVariantGroup;
			children = (
				CD94B8D72057268A00F8C084 /* Base */,
			);
			name = Main.storyboard;
			sourceTree = "<group>";
		};
		CD94B8DB2057268A00F8C084 /* LaunchScreen.storyboard */ = {
			isa = PBXVariantGroup;
			children = (
				CD94B8DC2057268A00F8C084 /* Base */,
			);
			name = LaunchScreen.storyboard;
			sourceTree = "<group>";
		};
/* End PBXVariantGroup section */

/* Begin XCBuildConfiguration section */
		CD94B8F52057268A00F8C084 /* Debug */ = {
			isa = XCBuildConfiguration;
			buildSettings = {
				ALWAYS_SEARCH_USER_PATHS = NO;
				CLANG_ANALYZER_NONNULL = YES;
				CLANG_ANALYZER_NUMBER_OBJECT_CONVERSION = YES_AGGRESSIVE;
				CLANG_CXX_LANGUAGE_STANDARD = "gnu++14";
				CLANG_CXX_LIBRARY = "libc++";
				CLANG_ENABLE_MODULES = YES;
				CLANG_ENABLE_OBJC_ARC = YES;
				CLANG_WARN_BLOCK_CAPTURE_AUTORELEASING = YES;
				CLANG_WARN_BOOL_CONVERSION = YES;
				CLANG_WARN_COMMA = YES;
				CLANG_WARN_CONSTANT_CONVERSION = YES;
				CLANG_WARN_DIRECT_OBJC_ISA_USAGE = YES_ERROR;
				CLANG_WARN_DOCUMENTATION_COMMENTS = YES;
				CLANG_WARN_EMPTY_BODY = YES;
				CLANG_WARN_ENUM_CONVERSION = YES;
				CLANG_WARN_INFINITE_RECURSION = YES;
				CLANG_WARN_INT_CONVERSION = YES;
				CLANG_WARN_NON_LITERAL_NULL_CONVERSION = YES;
				CLANG_WARN_OBJC_LITERAL_CONVERSION = YES;
				CLANG_WARN_OBJC_ROOT_CLASS = YES_ERROR;
				CLANG_WARN_RANGE_LOOP_ANALYSIS = YES;
				CLANG_WARN_STRICT_PROTOTYPES = YES;
				CLANG_WARN_SUSPICIOUS_MOVE = YES;
				CLANG_WARN_UNGUARDED_AVAILABILITY = YES_AGGRESSIVE;
				CLANG_WARN_UNREACHABLE_CODE = YES;
				CLANG_WARN__DUPLICATE_METHOD_MATCH = YES;
				CODE_SIGN_IDENTITY = "iPhone Developer";
				COPY_PHASE_STRIP = NO;
				DEBUG_INFORMATION_FORMAT = dwarf;
				ENABLE_STRICT_OBJC_MSGSEND = YES;
				ENABLE_TESTABILITY = YES;
				GCC_C_LANGUAGE_STANDARD = gnu11;
				GCC_DYNAMIC_NO_PIC = NO;
				GCC_NO_COMMON_BLOCKS = YES;
				GCC_OPTIMIZATION_LEVEL = 0;
				GCC_PREPROCESSOR_DEFINITIONS = (
					"DEBUG=1",
					"$(inherited)",
				);
				GCC_WARN_64_TO_32_BIT_CONVERSION = YES;
				GCC_WARN_ABOUT_RETURN_TYPE = YES_ERROR;
				GCC_WARN_UNDECLARED_SELECTOR = YES;
				GCC_WARN_UNINITIALIZED_AUTOS = YES_AGGRESSIVE;
				GCC_WARN_UNUSED_FUNCTION = YES;
				GCC_WARN_UNUSED_VARIABLE = YES;
				IPHONEOS_DEPLOYMENT_TARGET = 11.2;
				MTL_ENABLE_DEBUG_INFO = YES;
				ONLY_ACTIVE_ARCH = YES;
				SDKROOT = iphoneos;
				SWIFT_ACTIVE_COMPILATION_CONDITIONS = DEBUG;
				SWIFT_OPTIMIZATION_LEVEL = "-Onone";
			};
			name = Debug;
		};
		CD94B8F62057268A00F8C084 /* Release */ = {
			isa = XCBuildConfiguration;
			buildSettings = {
				ALWAYS_SEARCH_USER_PATHS = NO;
				CLANG_ANALYZER_NONNULL = YES;
				CLANG_ANALYZER_NUMBER_OBJECT_CONVERSION = YES_AGGRESSIVE;
				CLANG_CXX_LANGUAGE_STANDARD = "gnu++14";
				CLANG_CXX_LIBRARY = "libc++";
				CLANG_ENABLE_MODULES = YES;
				CLANG_ENABLE_OBJC_ARC = YES;
				CLANG_WARN_BLOCK_CAPTURE_AUTORELEASING = YES;
				CLANG_WARN_BOOL_CONVERSION = YES;
				CLANG_WARN_COMMA = YES;
				CLANG_WARN_CONSTANT_CONVERSION = YES;
				CLANG_WARN_DIRECT_OBJC_ISA_USAGE = YES_ERROR;
				CLANG_WARN_DOCUMENTATION_COMMENTS = YES;
				CLANG_WARN_EMPTY_BODY = YES;
				CLANG_WARN_ENUM_CONVERSION = YES;
				CLANG_WARN_INFINITE_RECURSION = YES;
				CLANG_WARN_INT_CONVERSION = YES;
				CLANG_WARN_NON_LITERAL_NULL_CONVERSION = YES;
				CLANG_WARN_OBJC_LITERAL_CONVERSION = YES;
				CLANG_WARN_OBJC_ROOT_CLASS = YES_ERROR;
				CLANG_WARN_RANGE_LOOP_ANALYSIS = YES;
				CLANG_WARN_STRICT_PROTOTYPES = YES;
				CLANG_WARN_SUSPICIOUS_MOVE = YES;
				CLANG_WARN_UNGUARDED_AVAILABILITY = YES_AGGRESSIVE;
				CLANG_WARN_UNREACHABLE_CODE = YES;
				CLANG_WARN__DUPLICATE_METHOD_MATCH = YES;
				CODE_SIGN_IDENTITY = "iPhone Developer";
				COPY_PHASE_STRIP = NO;
				DEBUG_INFORMATION_FORMAT = "dwarf-with-dsym";
				ENABLE_NS_ASSERTIONS = NO;
				ENABLE_STRICT_OBJC_MSGSEND = YES;
				GCC_C_LANGUAGE_STANDARD = gnu11;
				GCC_NO_COMMON_BLOCKS = YES;
				GCC_WARN_64_TO_32_BIT_CONVERSION = YES;
				GCC_WARN_ABOUT_RETURN_TYPE = YES_ERROR;
				GCC_WARN_UNDECLARED_SELECTOR = YES;
				GCC_WARN_UNINITIALIZED_AUTOS = YES_AGGRESSIVE;
				GCC_WARN_UNUSED_FUNCTION = YES;
				GCC_WARN_UNUSED_VARIABLE = YES;
				IPHONEOS_DEPLOYMENT_TARGET = 11.2;
				MTL_ENABLE_DEBUG_INFO = NO;
				SDKROOT = iphoneos;
				SWIFT_OPTIMIZATION_LEVEL = "-Owholemodule";
				VALIDATE_PRODUCT = YES;
			};
			name = Release;
		};
		CD94B8F82057268A00F8C084 /* Debug */ = {
			isa = XCBuildConfiguration;
			buildSettings = {
				ASSETCATALOG_COMPILER_APPICON_NAME = AppIcon;
				CODE_SIGN_STYLE = Automatic;
				INFOPLIST_FILE = Canvas/Info.plist;
				LD_RUNPATH_SEARCH_PATHS = "$(inherited) @executable_path/Frameworks";
				PRODUCT_BUNDLE_IDENTIFIER = com.codepath.Canvas;
				PRODUCT_NAME = "$(TARGET_NAME)";
				SWIFT_VERSION = 4.0;
				TARGETED_DEVICE_FAMILY = "1,2";
			};
			name = Debug;
		};
		CD94B8F92057268A00F8C084 /* Release */ = {
			isa = XCBuildConfiguration;
			buildSettings = {
				ASSETCATALOG_COMPILER_APPICON_NAME = AppIcon;
				CODE_SIGN_STYLE = Automatic;
				INFOPLIST_FILE = Canvas/Info.plist;
				LD_RUNPATH_SEARCH_PATHS = "$(inherited) @executable_path/Frameworks";
				PRODUCT_BUNDLE_IDENTIFIER = com.codepath.Canvas;
				PRODUCT_NAME = "$(TARGET_NAME)";
				SWIFT_VERSION = 4.0;
				TARGETED_DEVICE_FAMILY = "1,2";
			};
			name = Release;
		};
		CD94B8FB2057268A00F8C084 /* Debug */ = {
			isa = XCBuildConfiguration;
			buildSettings = {
				ALWAYS_EMBED_SWIFT_STANDARD_LIBRARIES = YES;
				BUNDLE_LOADER = "$(TEST_HOST)";
				CODE_SIGN_STYLE = Automatic;
				INFOPLIST_FILE = CanvasTests/Info.plist;
				LD_RUNPATH_SEARCH_PATHS = "$(inherited) @executable_path/Frameworks @loader_path/Frameworks";
				PRODUCT_BUNDLE_IDENTIFIER = com.codepath.CanvasTests;
				PRODUCT_NAME = "$(TARGET_NAME)";
				SWIFT_VERSION = 4.0;
				TARGETED_DEVICE_FAMILY = "1,2";
				TEST_HOST = "$(BUILT_PRODUCTS_DIR)/Canvas.app/Canvas";
			};
			name = Debug;
		};
		CD94B8FC2057268A00F8C084 /* Release */ = {
			isa = XCBuildConfiguration;
			buildSettings = {
				ALWAYS_EMBED_SWIFT_STANDARD_LIBRARIES = YES;
				BUNDLE_LOADER = "$(TEST_HOST)";
				CODE_SIGN_STYLE = Automatic;
				INFOPLIST_FILE = CanvasTests/Info.plist;
				LD_RUNPATH_SEARCH_PATHS = "$(inherited) @executable_path/Frameworks @loader_path/Frameworks";
				PRODUCT_BUNDLE_IDENTIFIER = com.codepath.CanvasTests;
				PRODUCT_NAME = "$(TARGET_NAME)";
				SWIFT_VERSION = 4.0;
				TARGETED_DEVICE_FAMILY = "1,2";
				TEST_HOST = "$(BUILT_PRODUCTS_DIR)/Canvas.app/Canvas";
			};
			name = Release;
		};
		CD94B8FE2057268A00F8C084 /* Debug */ = {
			isa = XCBuildConfiguration;
			buildSettings = {
				ALWAYS_EMBED_SWIFT_STANDARD_LIBRARIES = YES;
				CODE_SIGN_STYLE = Automatic;
				INFOPLIST_FILE = CanvasUITests/Info.plist;
				LD_RUNPATH_SEARCH_PATHS = "$(inherited) @executable_path/Frameworks @loader_path/Frameworks";
				PRODUCT_BUNDLE_IDENTIFIER = com.codepath.CanvasUITests;
				PRODUCT_NAME = "$(TARGET_NAME)";
				SWIFT_VERSION = 4.0;
				TARGETED_DEVICE_FAMILY = "1,2";
				TEST_TARGET_NAME = Canvas;
			};
			name = Debug;
		};
		CD94B8FF2057268A00F8C084 /* Release */ = {
			isa = XCBuildConfiguration;
			buildSettings = {
				ALWAYS_EMBED_SWIFT_STANDARD_LIBRARIES = YES;
				CODE_SIGN_STYLE = Automatic;
				INFOPLIST_FILE = CanvasUITests/Info.plist;
				LD_RUNPATH_SEARCH_PATHS = "$(inherited) @executable_path/Frameworks @loader_path/Frameworks";
				PRODUCT_BUNDLE_IDENTIFIER = com.codepath.CanvasUITests;
				PRODUCT_NAME = "$(TARGET_NAME)";
				SWIFT_VERSION = 4.0;
				TARGETED_DEVICE_FAMILY = "1,2";
				TEST_TARGET_NAME = Canvas;
			};
			name = Release;
		};
/* End XCBuildConfiguration section */

/* Begin XCConfigurationList section */
		CD94B8CA2057268A00F8C084 /* Build configuration list for PBXProject "Canvas" */ = {
			isa = XCConfigurationList;
			buildConfigurations = (
				CD94B8F52057268A00F8C084 /* Debug */,
				CD94B8F62057268A00F8C084 /* Release */,
			);
			defaultConfigurationIsVisible = 0;
			defaultConfigurationName = Release;
		};
		CD94B8F72057268A00F8C084 /* Build configuration list for PBXNativeTarget "Canvas" */ = {
			isa = XCConfigurationList;
			buildConfigurations = (
				CD94B8F82057268A00F8C084 /* Debug */,
				CD94B8F92057268A00F8C084 /* Release */,
			);
			defaultConfigurationIsVisible = 0;
			defaultConfigurationName = Release;
		};
		CD94B8FA2057268A00F8C084 /* Build configuration list for PBXNativeTarget "CanvasTests" */ = {
			isa = XCConfigurationList;
			buildConfigurations = (
				CD94B8FB2057268A00F8C084 /* Debug */,
				CD94B8FC2057268A00F8C084 /* Release */,
			);
			defaultConfigurationIsVisible = 0;
			defaultConfigurationName = Release;
		};
		CD94B8FD2057268A00F8C084 /* Build configuration list for PBXNativeTarget "CanvasUITests" */ = {
			isa = XCConfigurationList;
			buildConfigurations = (
				CD94B8FE2057268A00F8C084 /* Debug */,
				CD94B8FF2057268A00F8C084 /* Release */,
			);
			defaultConfigurationIsVisible = 0;
			defaultConfigurationName = Release;
		};
/* End XCConfigurationList section */
	};
	rootObject = CD94B8C72057268A00F8C084 /* Project object */;
}
